
Microsoft Visual Studio Solution File, Format Version 12.00
# Visual Studio Version 16
VisualStudioVersion = 16.0.31410.357
MinimumVisualStudioVersion = 10.0.40219.1
Project("{FAE04EC0-301F-11D3-BF4B-00C04F79EFBC}") = "JsonEditor", "JsonEditor.csproj", "{CC9B318F-CBCE-42F0-B15E-01D6994F6E94}"
EndProject
Global
	GlobalSection(SolutionConfigurationPlatforms) = preSolution
		Debug|Any CPU = Debug|Any CPU
		My|Any CPU = My|Any CPU
		Release|Any CPU = Release|Any CPU
	EndGlobalSection
	GlobalSection(ProjectConfigurationPlatforms) = postSolution
		{CC9B318F-CBCE-42F0-B15E-01D6994F6E94}.Debug|Any CPU.ActiveCfg = Debug|Any CPU
		{CC9B318F-CBCE-42F0-B15E-01D6994F6E94}.Debug|Any CPU.Build.0 = Debug|Any CPU
		{CC9B318F-CBCE-42F0-B15E-01D6994F6E94}.My|Any CPU.ActiveCfg = Debug|Any CPU
		{CC9B318F-CBCE-42F0-B15E-01D6994F6E94}.My|Any CPU.Build.0 = Debug|Any CPU
		{CC9B318F-CBCE-42F0-B15E-01D6994F6E94}.Release|Any CPU.ActiveCfg = Release|Any CPU
		{CC9B318F-CBCE-42F0-B15E-01D6994F6E94}.Release|Any CPU.Build.0 = Release|Any CPU
	EndGlobalSection
	GlobalSection(SolutionProperties) = preSolution
		HideSolutionNode = FALSE
	EndGlobalSection
	GlobalSection(ExtensibilityGlobals) = postSolution
		SolutionGuid = {36A42897-2306-41BF-9679-E3841768695B}
	EndGlobalSection
EndGlobal
